PODS:
  - Alamofire (4.8.2)
  - AlamofireImage (3.5.2):
    - Alamofire (~> 4.8)
  - iOSSnapshotTestCase (6.0.3):
    - iOSSnapshotTestCase/SwiftSupport (= 6.0.3)
  - iOSSnapshotTestCase/Core (6.0.3)
  - iOSSnapshotTestCase/SwiftSupport (6.0.3):
    - iOSSnapshotTestCase/Core
  - lottie-ios (3.0.6)
  - Nimble (8.0.1)
  - Nimble-Snapshots (7.1.0):
    - Nimble-Snapshots/Core (= 7.1.0)
  - Nimble-Snapshots/Core (7.1.0):
    - iOSSnapshotTestCase (~> 6.0)
    - Nimble (~> 8.0)
  - RxCocoa (5.0.0):
    - RxRelay (~> 5)
    - RxSwift (~> 5)
  - RxFeedback (3.0.0):
    - RxCocoa (~> 5.0)
    - RxSwift (~> 5.0)
  - RxGesture (3.0.0):
    - RxCocoa (~> 5.0)
    - RxSwift (~> 5.0)
  - RxRelay (5.0.0):
    - RxSwift (~> 5)
  - RxSwift (5.0.0)
  - RxTest (5.0.0):
    - RxSwift (~> 5)
  - Sensor (0.1.0):
    - RxCocoa (~> 5.0.0)
    - RxFeedback (~> 3.0.0)
    - RxSwift (~> 5.0.0)
  - SensorTest (0.1.0):
    - RxCocoa (~> 5.0.0)
    - RxSwift (~> 5.0.0)
    - RxTest (~> 5.0.0)
  - SnapKit (5.0.0)
  - Swinject (2.6.0)

DEPENDENCIES:
  - Alamofire
  - AlamofireImage
  - iOSSnapshotTestCase
  - lottie-ios
  - Nimble
  - Nimble-Snapshots
  - RxCocoa
  - RxGesture
  - RxSwift
  - Sensor (from `..`)
  - SensorTest (from `..`)
  - SnapKit
  - Swinject

SPEC REPOS:
  https://github.com/cocoapods/specs.git:
    - Alamofire
    - AlamofireImage
    - iOSSnapshotTestCase
    - lottie-ios
    - Nimble
    - Nimble-Snapshots
    - RxCocoa
    - RxFeedback
    - RxGesture
    - RxRelay
    - RxSwift
    - RxTest
    - SnapKit
    - Swinject

EXTERNAL SOURCES:
  Sensor:
    :path: ".."
  SensorTest:
    :path: ".."

SPEC CHECKSUMS:
  Alamofire: ae5c501addb7afdbb13687d7f2f722c78734c2d3
  AlamofireImage: 63cfe3baf1370be6c498149687cf6db3e3b00999
  iOSSnapshotTestCase: 944a73f6d9676302811a86c0cf35f0e6ef5ab2a0
  lottie-ios: d030b6cda141cfd8bbaa3db89264785e6fdf675a
  Nimble: 45f786ae66faa9a709624227fae502db55a8bdd0
  Nimble-Snapshots: 2ec985281eef0eb9fc69a469deee851363a50d0e
  RxCocoa: fcf32050ac00d801f34a7f71d5e8e7f23026dcd8
  RxFeedback: 4260d8dad5bba28b182c0b9ff5bce68c260de183
  RxGesture: 0cd8e37ff9a266e1c31f46bcaed6de1c536bc81e
  RxRelay: 4f7409406a51a55cd88483f21ed898c234d60f18
  RxSwift: 8b0671caa829a763bbce7271095859121cbd895f
  RxTest: 4349afe98f564e0a9bc19063368904622d17d49a
  Sensor: 34d6f3eb988d6ec63438334ad2c5ea972978d71d
  SensorTest: a1c0172f1148720157b9f7586438a5befcb55bfa
  SnapKit: fd22d10eb9aff484d79a8724eab922c1ddf89bcf
  Swinject: 48a96cda93633cf2860697b4ce76ab5db9ebaca2

PODFILE CHECKSUM: 496f60915ce29447a9ff5b958a34fe6adb90d6a3

COCOAPODS: 1.7.3
