PODS:
  - Alamofire (5.4.1)
  - AlamofireImage (4.1.0):
    - Alamofire (~> 5.1)
  - iOSSnapshotTestCase (6.2.0):
    - iOSSnapshotTestCase/SwiftSupport (= 6.2.0)
  - iOSSnapshotTestCase/Core (6.2.0)
  - iOSSnapshotTestCase/SwiftSupport (6.2.0):
    - iOSSnapshotTestCase/Core
  - lottie-ios (3.1.9)
  - Nimble (9.0.0)
  - Nimble-Snapshots (9.1.0):
    - Nimble-Snapshots/Core (= 9.1.0)
  - Nimble-Snapshots/Core (9.1.0):
    - iOSSnapshotTestCase (~> 6.0)
    - Nimble
  - RxCocoa (5.0.1):
    - RxRelay (~> 5)
    - RxSwift (~> 5)
  - RxFeedback (3.0.0):
    - RxCocoa (~> 5.0)
    - RxSwift (~> 5.0)
  - RxGesture (3.0.1):
    - RxCocoa (~> 5.0)
    - RxSwift (~> 5.0)
  - RxRelay (5.1.1):
    - RxSwift (~> 5)
  - RxSwift (5.0.1)
  - RxTest (5.0.1):
    - RxSwift (~> 5)
  - Sensor (0.1.1):
    - RxCocoa (~> 5.0.0)
    - RxFeedback (~> 3.0.0)
    - RxSwift (~> 5.0.0)
  - SensorTest (0.1.1):
    - RxCocoa (~> 5.0.0)
    - RxSwift (~> 5.0.0)
    - RxTest (~> 5.0.0)
  - SnapKit (5.0.1)
  - Swinject (2.7.1)

DEPENDENCIES:
  - Alamofire
  - AlamofireImage
  - iOSSnapshotTestCase
  - lottie-ios
  - Nimble
  - Nimble-Snapshots
  - RxCocoa
  - RxGesture
  - RxSwift
  - Sensor (from `..`)
  - SensorTest (from `..`)
  - SnapKit
  - Swinject

SPEC REPOS:
  trunk:
    - Alamofire
    - AlamofireImage
    - iOSSnapshotTestCase
    - lottie-ios
    - Nimble
    - Nimble-Snapshots
    - RxCocoa
    - RxFeedback
    - RxGesture
    - RxRelay
    - RxSwift
    - RxTest
    - SnapKit
    - Swinject

EXTERNAL SOURCES:
  Sensor:
    :path: ".."
  SensorTest:
    :path: ".."

SPEC CHECKSUMS:
  Alamofire: 2291f7d21ca607c491dd17642e5d40fdcda0e65c
  AlamofireImage: c4a2ba349885fb3064feb74d2e547bd42ce9be10
  iOSSnapshotTestCase: 9ab44cb5aa62b84d31847f40680112e15ec579a6
  lottie-ios: 3a3758ef5a008e762faec9c9d50a39842f26d124
  Nimble: 3b4ec3fd40f1dc178058e0981107721c615643d8
  Nimble-Snapshots: 6605431525245f967ca9d558bb12a49da3d040e3
  RxCocoa: e741b9749968e8a143e2b787f1dfbff2b63d0a5c
  RxFeedback: 4260d8dad5bba28b182c0b9ff5bce68c260de183
  RxGesture: a3f8dd6adf078110ed5e1c9c30d09d705a09852e
  RxRelay: d77f7d771495f43c556cbc43eebd1bb54d01e8e9
  RxSwift: e2dc62b366a3adf6a0be44ba9f405efd4c94e0c4
  RxTest: 0132f952a61da82d5233abedaa559df91e5330e5
  Sensor: 73d898a2d7847ec3e14f471bd72d70558259951a
  SensorTest: 79f0bc23a4f5fcf7ebd8f0d0ddefc0abb17e13ad
  SnapKit: 97b92857e3df3a0c71833cce143274bf6ef8e5eb
  Swinject: ddf78b8486dd9b71a667b852cad919ab4484478e

PODFILE CHECKSUM: 4056431be68c5d4fbe6e28394a597a9ab0f46148

COCOAPODS: 1.10.0
